lockfileVersion: '9.0'

settings:
  autoInstallPeers: true
  excludeLinksFromLockfile: false

importers:

  .:
    dependencies:
      '@fontsource/open-sans':
        specifier: ^5.2.7
        version: 5.2.7

packages:

  '@fontsource/open-sans@5.2.7':
    resolution: {integrity: sha512-8yfgDYjE5O0vmTPdrcjV35y4yMnctsokmi9gN49Gcsr0sjzkMkR97AnKDe6OqZh2SFkYlR28fxOvi21bYEgMSw==}

snapshots:

  '@fontsource/open-sans@5.2.7': {}
